
Microsoft Visual Studio Solution File, Format Version 12.00
# Visual Studio Version 17
VisualStudioVersion = 17.3.32901.215
MinimumVisualStudioVersion = 10.0.40219.1
Project("{FAE04EC0-301F-11D3-BF4B-00C04F79EFBC}") = "Pain", "Pain.csproj", "{BC5EE746-704D-48D8-AE87-CA76AF92600E}"
EndProject
Global
	GlobalSection(SolutionConfigurationPlatforms) = preSolution
		Debug|Any CPU = Debug|Any CPU
		Release|Any CPU = Release|Any CPU
	EndGlobalSection
	GlobalSection(ProjectConfigurationPlatforms) = postSolution
		{BC5EE746-704D-48D8-AE87-CA76AF92600E}.Debug|Any CPU.ActiveCfg = Debug|Any CPU
		{BC5EE746-704D-48D8-AE87-CA76AF92600E}.Debug|Any CPU.Build.0 = Debug|Any CPU
		{BC5EE746-704D-48D8-AE87-CA76AF92600E}.Release|Any CPU.ActiveCfg = Release|Any CPU
		{BC5EE746-704D-48D8-AE87-CA76AF92600E}.Release|Any CPU.Build.0 = Release|Any CPU
	EndGlobalSection
	GlobalSection(SolutionProperties) = preSolution
		HideSolutionNode = FALSE
	EndGlobalSection
	GlobalSection(ExtensibilityGlobals) = postSolution
		SolutionGuid = {FBDC98D6-2985-4BD1-9639-6DB0CFFCE5F6}
	EndGlobalSection
EndGlobal
